// !$*UTF8*$!
{
	archiveVersion = 1;
	classes = {
	};
	objectVersion = 56;
	objects = {

/* Begin PBXBuildFile section */
		2287D6829F9B5F0E1B877319 /* Pods_PazaramaCase_PazaramaCaseUITests.framework in Frameworks */ = {isa = PBXBuildFile; fileRef = 42D458025CC97D4EF74BC32E /* Pods_PazaramaCase_PazaramaCaseUITests.framework */; };
		A09C76C740D29624CB527463 /* Pods_PazaramaCaseTests.framework in Frameworks */ = {isa = PBXBuildFile; fileRef = 7BCE29DD55B449B9FC35D813 /* Pods_PazaramaCaseTests.framework */; };
		A95676CA296C28930079B2DE /* AppDelegate.swift in Sources */ = {isa = PBXBuildFile; fileRef = A95676C9296C28930079B2DE /* AppDelegate.swift */; };
		A95676CC296C28930079B2DE /* SceneDelegate.swift in Sources */ = {isa = PBXBuildFile; fileRef = A95676CB296C28930079B2DE /* SceneDelegate.swift */; };
		A95676CE296C28930079B2DE /* ViewController.swift in Sources */ = {isa = PBXBuildFile; fileRef = A95676CD296C28930079B2DE /* ViewController.swift */; };
		A95676D3296C28940079B2DE /* Assets.xcassets in Resources */ = {isa = PBXBuildFile; fileRef = A95676D2296C28940079B2DE /* Assets.xcassets */; };
		A95676D6296C28940079B2DE /* LaunchScreen.storyboard in Resources */ = {isa = PBXBuildFile; fileRef = A95676D4296C28940079B2DE /* LaunchScreen.storyboard */; };
		A95676E1296C28950079B2DE /* PazaramaCaseTests.swift in Sources */ = {isa = PBXBuildFile; fileRef = A95676E0296C28950079B2DE /* PazaramaCaseTests.swift */; };
		A95676EB296C28950079B2DE /* PazaramaCaseUITests.swift in Sources */ = {isa = PBXBuildFile; fileRef = A95676EA296C28950079B2DE /* PazaramaCaseUITests.swift */; };
		A95676ED296C28950079B2DE /* PazaramaCaseUITestsLaunchTests.swift in Sources */ = {isa = PBXBuildFile; fileRef = A95676EC296C28950079B2DE /* PazaramaCaseUITestsLaunchTests.swift */; };
		D4E052928AD8E66BD0CC8AFB /* Pods_PazaramaCase.framework in Frameworks */ = {isa = PBXBuildFile; fileRef = 51C5438F86BA221FE083CE97 /* Pods_PazaramaCase.framework */; };
/* End PBXBuildFile section */

/* Begin PBXContainerItemProxy section */
		A95676DD296C28950079B2DE /* PBXContainerItemProxy */ = {
			isa = PBXContainerItemProxy;
			containerPortal = A95676BE296C28930079B2DE /* Project object */;
			proxyType = 1;
			remoteGlobalIDString = A95676C5296C28930079B2DE;
			remoteInfo = PazaramaCase;
		};
		A95676E7296C28950079B2DE /* PBXContainerItemProxy */ = {
			isa = PBXContainerItemProxy;
			containerPortal = A95676BE296C28930079B2DE /* Project object */;
			proxyType = 1;
			remoteGlobalIDString = A95676C5296C28930079B2DE;
			remoteInfo = PazaramaCase;
		};
/* End PBXContainerItemProxy section */

/* Begin PBXFileReference section */
		1884A832D35606A45354B3CE /* Pods-PazaramaCaseTests.release.xcconfig */ = {isa = PBXFileReference; includeInIndex = 1; lastKnownFileType = text.xcconfig; name = "Pods-PazaramaCaseTests.release.xcconfig"; path = "Target Support Files/Pods-PazaramaCaseTests/Pods-PazaramaCaseTests.release.xcconfig"; sourceTree = "<group>"; };
		1F3E274E49F4FE7F6AF466E2 /* Pods-PazaramaCaseTests.debug.xcconfig */ = {isa = PBXFileReference; includeInIndex = 1; lastKnownFileType = text.xcconfig; name = "Pods-PazaramaCaseTests.debug.xcconfig"; path = "Target Support Files/Pods-PazaramaCaseTests/Pods-PazaramaCaseTests.debug.xcconfig"; sourceTree = "<group>"; };
		42D458025CC97D4EF74BC32E /* Pods_PazaramaCase_PazaramaCaseUITests.framework */ = {isa = PBXFileReference; explicitFileType = wrapper.framework; includeInIndex = 0; path = Pods_PazaramaCase_PazaramaCaseUITests.framework; sourceTree = BUILT_PRODUCTS_DIR; };
		51C5438F86BA221FE083CE97 /* Pods_PazaramaCase.framework */ = {isa = PBXFileReference; explicitFileType = wrapper.framework; includeInIndex = 0; path = Pods_PazaramaCase.framework; sourceTree = BUILT_PRODUCTS_DIR; };
		6743FFED10163FA8033CA522 /* Pods-PazaramaCase.release.xcconfig */ = {isa = PBXFileReference; includeInIndex = 1; lastKnownFileType = text.xcconfig; name = "Pods-PazaramaCase.release.xcconfig"; path = "Target Support Files/Pods-PazaramaCase/Pods-PazaramaCase.release.xcconfig"; sourceTree = "<group>"; };
		7BCE29DD55B449B9FC35D813 /* Pods_PazaramaCaseTests.framework */ = {isa = PBXFileReference; explicitFileType = wrapper.framework; includeInIndex = 0; path = Pods_PazaramaCaseTests.framework; sourceTree = BUILT_PRODUCTS_DIR; };
		A9446F8F57E9655682CA21CF /* Pods-PazaramaCase.debug.xcconfig */ = {isa = PBXFileReference; includeInIndex = 1; lastKnownFileType = text.xcconfig; name = "Pods-PazaramaCase.debug.xcconfig"; path = "Target Support Files/Pods-PazaramaCase/Pods-PazaramaCase.debug.xcconfig"; sourceTree = "<group>"; };
		A95676C6296C28930079B2DE /* PazaramaCase.app */ = {isa = PBXFileReference; explicitFileType = wrapper.application; includeInIndex = 0; path = PazaramaCase.app; sourceTree = BUILT_PRODUCTS_DIR; };
		A95676C9296C28930079B2DE /* AppDelegate.swift */ = {isa = PBXFileReference; lastKnownFileType = sourcecode.swift; path = AppDelegate.swift; sourceTree = "<group>"; };
		A95676CB296C28930079B2DE /* SceneDelegate.swift */ = {isa = PBXFileReference; lastKnownFileType = sourcecode.swift; path = SceneDelegate.swift; sourceTree = "<group>"; };
		A95676CD296C28930079B2DE /* ViewController.swift */ = {isa = PBXFileReference; lastKnownFileType = sourcecode.swift; path = ViewController.swift; sourceTree = "<group>"; };
		A95676D2296C28940079B2DE /* Assets.xcassets */ = {isa = PBXFileReference; lastKnownFileType = folder.assetcatalog; path = Assets.xcassets; sourceTree = "<group>"; };
		A95676D5296C28940079B2DE /* Base */ = {isa = PBXFileReference; lastKnownFileType = file.storyboard; name = Base; path = Base.lproj/LaunchScreen.storyboard; sourceTree = "<group>"; };
		A95676D7296C28940079B2DE /* Info.plist */ = {isa = PBXFileReference; lastKnownFileType = text.plist.xml; path = Info.plist; sourceTree = "<group>"; };
		A95676DC296C28950079B2DE /* PazaramaCaseTests.xctest */ = {isa = PBXFileReference; explicitFileType = wrapper.cfbundle; includeInIndex = 0; path = PazaramaCaseTests.xctest; sourceTree = BUILT_PRODUCTS_DIR; };
		A95676E0296C28950079B2DE /* PazaramaCaseTests.swift */ = {isa = PBXFileReference; lastKnownFileType = sourcecode.swift; path = PazaramaCaseTests.swift; sourceTree = "<group>"; };
		A95676E6296C28950079B2DE /* PazaramaCaseUITests.xctest */ = {isa = PBXFileReference; explicitFileType = wrapper.cfbundle; includeInIndex = 0; path = PazaramaCaseUITests.xctest; sourceTree = BUILT_PRODUCTS_DIR; };
		A95676EA296C28950079B2DE /* PazaramaCaseUITests.swift */ = {isa = PBXFileReference; lastKnownFileType = sourcecode.swift; path = PazaramaCaseUITests.swift; sourceTree = "<group>"; };
		A95676EC296C28950079B2DE /* PazaramaCaseUITestsLaunchTests.swift */ = {isa = PBXFileReference; lastKnownFileType = sourcecode.swift; path = PazaramaCaseUITestsLaunchTests.swift; sourceTree = "<group>"; };
		BCD8D4E288167094B5C5BBB0 /* Pods-PazaramaCase-PazaramaCaseUITests.debug.xcconfig */ = {isa = PBXFileReference; includeInIndex = 1; lastKnownFileType = text.xcconfig; name = "Pods-PazaramaCase-PazaramaCaseUITests.debug.xcconfig"; path = "Target Support Files/Pods-PazaramaCase-PazaramaCaseUITests/Pods-PazaramaCase-PazaramaCaseUITests.debug.xcconfig"; sourceTree = "<group>"; };
		C359BD5477DB79B728058A20 /* Pods-PazaramaCase-PazaramaCaseUITests.release.xcconfig */ = {isa = PBXFileReference; includeInIndex = 1; lastKnownFileType = text.xcconfig; name = "Pods-PazaramaCase-PazaramaCaseUITests.release.xcconfig"; path = "Target Support Files/Pods-PazaramaCase-PazaramaCaseUITests/Pods-PazaramaCase-PazaramaCaseUITests.release.xcconfig"; sourceTree = "<group>"; };
/* End PBXFileReference section */

/* Begin PBXFrameworksBuildPhase section */
		A95676C3296C28930079B2DE /* Frameworks */ = {
			isa = PBXFrameworksBuildPhase;
			buildActionMask = 2147483647;
			files = (
				D4E052928AD8E66BD0CC8AFB /* Pods_PazaramaCase.framework in Frameworks */,
			);
			runOnlyForDeploymentPostprocessing = 0;
		};
		A95676D9296C28950079B2DE /* Frameworks */ = {
			isa = PBXFrameworksBuildPhase;
			buildActionMask = 2147483647;
			files = (
				A09C76C740D29624CB527463 /* Pods_PazaramaCaseTests.framework in Frameworks */,
			);
			runOnlyForDeploymentPostprocessing = 0;
		};
		A95676E3296C28950079B2DE /* Frameworks */ = {
			isa = PBXFrameworksBuildPhase;
			buildActionMask = 2147483647;
			files = (
				2287D6829F9B5F0E1B877319 /* Pods_PazaramaCase_PazaramaCaseUITests.framework in Frameworks */,
			);
			runOnlyForDeploymentPostprocessing = 0;
		};
/* End PBXFrameworksBuildPhase section */

/* Begin PBXGroup section */
		26E8B41C5266F26650779D0F /* Frameworks */ = {
			isa = PBXGroup;
			children = (
				51C5438F86BA221FE083CE97 /* Pods_PazaramaCase.framework */,
				42D458025CC97D4EF74BC32E /* Pods_PazaramaCase_PazaramaCaseUITests.framework */,
				7BCE29DD55B449B9FC35D813 /* Pods_PazaramaCaseTests.framework */,
			);
			name = Frameworks;
			sourceTree = "<group>";
		};
		72395BE1FA44FF44C085B6D3 /* Pods */ = {
			isa = PBXGroup;
			children = (
				A9446F8F57E9655682CA21CF /* Pods-PazaramaCase.debug.xcconfig */,
				6743FFED10163FA8033CA522 /* Pods-PazaramaCase.release.xcconfig */,
				BCD8D4E288167094B5C5BBB0 /* Pods-PazaramaCase-PazaramaCaseUITests.debug.xcconfig */,
				C359BD5477DB79B728058A20 /* Pods-PazaramaCase-PazaramaCaseUITests.release.xcconfig */,
				1F3E274E49F4FE7F6AF466E2 /* Pods-PazaramaCaseTests.debug.xcconfig */,
				1884A832D35606A45354B3CE /* Pods-PazaramaCaseTests.release.xcconfig */,
			);
			path = Pods;
			sourceTree = "<group>";
		};
		A95676BD296C28930079B2DE = {
			isa = PBXGroup;
			children = (
				A95676C8296C28930079B2DE /* PazaramaCase */,
				A95676DF296C28950079B2DE /* PazaramaCaseTests */,
				A95676E9296C28950079B2DE /* PazaramaCaseUITests */,
				A95676C7296C28930079B2DE /* Products */,
				72395BE1FA44FF44C085B6D3 /* Pods */,
				26E8B41C5266F26650779D0F /* Frameworks */,
			);
			sourceTree = "<group>";
		};
		A95676C7296C28930079B2DE /* Products */ = {
			isa = PBXGroup;
			children = (
				A95676C6296C28930079B2DE /* PazaramaCase.app */,
				A95676DC296C28950079B2DE /* PazaramaCaseTests.xctest */,
				A95676E6296C28950079B2DE /* PazaramaCaseUITests.xctest */,
			);
			name = Products;
			sourceTree = "<group>";
		};
		A95676C8296C28930079B2DE /* PazaramaCase */ = {
			isa = PBXGroup;
			children = (
				A95676C9296C28930079B2DE /* AppDelegate.swift */,
				A95676CB296C28930079B2DE /* SceneDelegate.swift */,
				A95676CD296C28930079B2DE /* ViewController.swift */,
				A95676D2296C28940079B2DE /* Assets.xcassets */,
				A95676D4296C28940079B2DE /* LaunchScreen.storyboard */,
				A95676D7296C28940079B2DE /* Info.plist */,
			);
			path = PazaramaCase;
			sourceTree = "<group>";
		};
		A95676DF296C28950079B2DE /* PazaramaCaseTests */ = {
			isa = PBXGroup;
			children = (
				A95676E0296C28950079B2DE /* PazaramaCaseTests.swift */,
			);
			path = PazaramaCaseTests;
			sourceTree = "<group>";
		};
		A95676E9296C28950079B2DE /* PazaramaCaseUITests */ = {
			isa = PBXGroup;
			children = (
				A95676EA296C28950079B2DE /* PazaramaCaseUITests.swift */,
				A95676EC296C28950079B2DE /* PazaramaCaseUITestsLaunchTests.swift */,
			);
			path = PazaramaCaseUITests;
			sourceTree = "<group>";
		};
/* End PBXGroup section */

/* Begin PBXNativeTarget section */
		A95676C5296C28930079B2DE /* PazaramaCase */ = {
			isa = PBXNativeTarget;
			buildConfigurationList = A95676F0296C28950079B2DE /* Build configuration list for PBXNativeTarget "PazaramaCase" */;
			buildPhases = (
				4BB7B63DF290776C08B14CBB /* [CP] Check Pods Manifest.lock */,
				A95676C2296C28930079B2DE /* Sources */,
				A95676C3296C28930079B2DE /* Frameworks */,
				A95676C4296C28930079B2DE /* Resources */,
				74297FF41F0FF3E1BFB44A17 /* [CP] Embed Pods Frameworks */,
			);
			buildRules = (
			);
			dependencies = (
			);
			name = PazaramaCase;
			productName = PazaramaCase;
			productReference = A95676C6296C28930079B2DE /* PazaramaCase.app */;
			productType = "com.apple.product-type.application";
		};
		A95676DB296C28950079B2DE /* PazaramaCaseTests */ = {
			isa = PBXNativeTarget;
			buildConfigurationList = A95676F3296C28950079B2DE /* Build configuration list for PBXNativeTarget "PazaramaCaseTests" */;
			buildPhases = (
				3FD1C5BBC5207CFD7E9B6453 /* [CP] Check Pods Manifest.lock */,
				A95676D8296C28950079B2DE /* Sources */,
				A95676D9296C28950079B2DE /* Frameworks */,
				A95676DA296C28950079B2DE /* Resources */,
			);
			buildRules = (
			);
			dependencies = (
				A95676DE296C28950079B2DE /* PBXTargetDependency */,
			);
			name = PazaramaCaseTests;
			productName = PazaramaCaseTests;
			productReference = A95676DC296C28950079B2DE /* PazaramaCaseTests.xctest */;
			productType = "com.apple.product-type.bundle.unit-test";
		};
		A95676E5296C28950079B2DE /* PazaramaCaseUITests */ = {
			isa = PBXNativeTarget;
			buildConfigurationList = A95676F6296C28950079B2DE /* Build configuration list for PBXNativeTarget "PazaramaCaseUITests" */;
			buildPhases = (
				7F49C229B74CBC2F68A0D1C5 /* [CP] Check Pods Manifest.lock */,
				A95676E2296C28950079B2DE /* Sources */,
				A95676E3296C28950079B2DE /* Frameworks */,
				A95676E4296C28950079B2DE /* Resources */,
				46105EDD2A6CD56FF778085A /* [CP] Embed Pods Frameworks */,
			);
			buildRules = (
			);
			dependencies = (
				A95676E8296C28950079B2DE /* PBXTargetDependency */,
			);
			name = PazaramaCaseUITests;
			productName = PazaramaCaseUITests;
			productReference = A95676E6296C28950079B2DE /* PazaramaCaseUITests.xctest */;
			productType = "com.apple.product-type.bundle.ui-testing";
		};
/* End PBXNativeTarget section */

/* Begin PBXProject section */
		A95676BE296C28930079B2DE /* Project object */ = {
			isa = PBXProject;
			attributes = {
				BuildIndependentTargetsInParallel = 1;
				LastSwiftUpdateCheck = 1420;
				LastUpgradeCheck = 1420;
				TargetAttributes = {
					A95676C5296C28930079B2DE = {
						CreatedOnToolsVersion = 14.2;
					};
					A95676DB296C28950079B2DE = {
						CreatedOnToolsVersion = 14.2;
						TestTargetID = A95676C5296C28930079B2DE;
					};
					A95676E5296C28950079B2DE = {
						CreatedOnToolsVersion = 14.2;
						TestTargetID = A95676C5296C28930079B2DE;
					};
				};
			};
			buildConfigurationList = A95676C1296C28930079B2DE /* Build configuration list for PBXProject "PazaramaCase" */;
			compatibilityVersion = "Xcode 14.0";
			developmentRegion = en;
			hasScannedForEncodings = 0;
			knownRegions = (
				en,
				Base,
			);
			mainGroup = A95676BD296C28930079B2DE;
			productRefGroup = A95676C7296C28930079B2DE /* Products */;
			projectDirPath = "";
			projectRoot = "";
			targets = (
				A95676C5296C28930079B2DE /* PazaramaCase */,
				A95676DB296C28950079B2DE /* PazaramaCaseTests */,
				A95676E5296C28950079B2DE /* PazaramaCaseUITests */,
			);
		};
/* End PBXProject section */

/* Begin PBXResourcesBuildPhase section */
		A95676C4296C28930079B2DE /* Resources */ = {
			isa = PBXResourcesBuildPhase;
			buildActionMask = 2147483647;
			files = (
				A95676D6296C28940079B2DE /* LaunchScreen.storyboard in Resources */,
				A95676D3296C28940079B2DE /* Assets.xcassets in Resources */,
			);
			runOnlyForDeploymentPostprocessing = 0;
		};
		A95676DA296C28950079B2DE /* Resources */ = {
			isa = PBXResourcesBuildPhase;
			buildActionMask = 2147483647;
			files = (
			);
			runOnlyForDeploymentPostprocessing = 0;
		};
		A95676E4296C28950079B2DE /* Resources */ = {
			isa = PBXResourcesBuildPhase;
			buildActionMask = 2147483647;
			files = (
			);
			runOnlyForDeploymentPostprocessing = 0;
		};
/* End PBXResourcesBuildPhase section */

/* Begin PBXShellScriptBuildPhase section */
		3FD1C5BBC5207CFD7E9B6453 /* [CP] Check Pods Manifest.lock */ = {
			isa = PBXShellScriptBuildPhase;
			buildActionMask = 2147483647;
			files = (
			);
			inputFileListPaths = (
			);
			inputPaths = (
				"${PODS_PODFILE_DIR_PATH}/Podfile.lock",
				"${PODS_ROOT}/Manifest.lock",
			);
			name = "[CP] Check Pods Manifest.lock";
			outputFileListPaths = (
			);
			outputPaths = (
				"$(DERIVED_FILE_DIR)/Pods-PazaramaCaseTests-checkManifestLockResult.txt",
			);
			runOnlyForDeploymentPostprocessing = 0;
			shellPath = /bin/sh;
			shellScript = "diff \"${PODS_PODFILE_DIR_PATH}/Podfile.lock\" \"${PODS_ROOT}/Manifest.lock\" > /dev/null\nif [ $? != 0 ] ; then\n    # print error to STDERR\n    echo \"error: The sandbox is not in sync with the Podfile.lock. Run 'pod install' or update your CocoaPods installation.\" >&2\n    exit 1\nfi\n# This output is used by Xcode 'outputs' to avoid re-running this script phase.\necho \"SUCCESS\" > \"${SCRIPT_OUTPUT_FILE_0}\"\n";
			showEnvVarsInLog = 0;
		};
		46105EDD2A6CD56FF778085A /* [CP] Embed Pods Frameworks */ = {
			isa = PBXShellScriptBuildPhase;
			buildActionMask = 2147483647;
			files = (
			);
			inputFileListPaths = (
				"${PODS_ROOT}/Target Support Files/Pods-PazaramaCase-PazaramaCaseUITests/Pods-PazaramaCase-PazaramaCaseUITests-frameworks-${CONFIGURATION}-input-files.xcfilelist",
			);
			name = "[CP] Embed Pods Frameworks";
			outputFileListPaths = (
				"${PODS_ROOT}/Target Support Files/Pods-PazaramaCase-PazaramaCaseUITests/Pods-PazaramaCase-PazaramaCaseUITests-frameworks-${CONFIGURATION}-output-files.xcfilelist",
			);
			runOnlyForDeploymentPostprocessing = 0;
			shellPath = /bin/sh;
			shellScript = "\"${PODS_ROOT}/Target Support Files/Pods-PazaramaCase-PazaramaCaseUITests/Pods-PazaramaCase-PazaramaCaseUITests-frameworks.sh\"\n";
			showEnvVarsInLog = 0;
		};
		4BB7B63DF290776C08B14CBB /* [CP] Check Pods Manifest.lock */ = {
			isa = PBXShellScriptBuildPhase;
			buildActionMask = 2147483647;
			files = (
			);
			inputFileListPaths = (
			);
			inputPaths = (
				"${PODS_PODFILE_DIR_PATH}/Podfile.lock",
				"${PODS_ROOT}/Manifest.lock",
			);
			name = "[CP] Check Pods Manifest.lock";
			outputFileListPaths = (
			);
			outputPaths = (
				"$(DERIVED_FILE_DIR)/Pods-PazaramaCase-checkManifestLockResult.txt",
			);
			runOnlyForDeploymentPostprocessing = 0;
			shellPath = /bin/sh;
			shellScript = "diff \"${PODS_PODFILE_DIR_PATH}/Podfile.lock\" \"${PODS_ROOT}/Manifest.lock\" > /dev/null\nif [ $? != 0 ] ; then\n    # print error to STDERR\n    echo \"error: The sandbox is not in sync with the Podfile.lock. Run 'pod install' or update your CocoaPods installation.\" >&2\n    exit 1\nfi\n# This output is used by Xcode 'outputs' to avoid re-running this script phase.\necho \"SUCCESS\" > \"${SCRIPT_OUTPUT_FILE_0}\"\n";
			showEnvVarsInLog = 0;
		};
		74297FF41F0FF3E1BFB44A17 /* [CP] Embed Pods Frameworks */ = {
			isa = PBXShellScriptBuildPhase;
			buildActionMask = 2147483647;
			files = (
			);
			inputFileListPaths = (
				"${PODS_ROOT}/Target Support Files/Pods-PazaramaCase/Pods-PazaramaCase-frameworks-${CONFIGURATION}-input-files.xcfilelist",
			);
			name = "[CP] Embed Pods Frameworks";
			outputFileListPaths = (
				"${PODS_ROOT}/Target Support Files/Pods-PazaramaCase/Pods-PazaramaCase-frameworks-${CONFIGURATION}-output-files.xcfilelist",
			);
			runOnlyForDeploymentPostprocessing = 0;
			shellPath = /bin/sh;
			shellScript = "\"${PODS_ROOT}/Target Support Files/Pods-PazaramaCase/Pods-PazaramaCase-frameworks.sh\"\n";
			showEnvVarsInLog = 0;
		};
		7F49C229B74CBC2F68A0D1C5 /* [CP] Check Pods Manifest.lock */ = {
			isa = PBXShellScriptBuildPhase;
			buildActionMask = 2147483647;
			files = (
			);
			inputFileListPaths = (
			);
			inputPaths = (
				"${PODS_PODFILE_DIR_PATH}/Podfile.lock",
				"${PODS_ROOT}/Manifest.lock",
			);
			name = "[CP] Check Pods Manifest.lock";
			outputFileListPaths = (
			);
			outputPaths = (
				"$(DERIVED_FILE_DIR)/Pods-PazaramaCase-PazaramaCaseUITests-checkManifestLockResult.txt",
			);
			runOnlyForDeploymentPostprocessing = 0;
			shellPath = /bin/sh;
			shellScript = "diff \"${PODS_PODFILE_DIR_PATH}/Podfile.lock\" \"${PODS_ROOT}/Manifest.lock\" > /dev/null\nif [ $? != 0 ] ; then\n    # print error to STDERR\n    echo \"error: The sandbox is not in sync with the Podfile.lock. Run 'pod install' or update your CocoaPods installation.\" >&2\n    exit 1\nfi\n# This output is used by Xcode 'outputs' to avoid re-running this script phase.\necho \"SUCCESS\" > \"${SCRIPT_OUTPUT_FILE_0}\"\n";
			showEnvVarsInLog = 0;
		};
/* End PBXShellScriptBuildPhase section */

/* Begin PBXSourcesBuildPhase section */
		A95676C2296C28930079B2DE /* Sources */ = {
			isa = PBXSourcesBuildPhase;
			buildActionMask = 2147483647;
			files = (
				A95676CE296C28930079B2DE /* ViewController.swift in Sources */,
				A95676CA296C28930079B2DE /* AppDelegate.swift in Sources */,
				A95676CC296C28930079B2DE /* SceneDelegate.swift in Sources */,
			);
			runOnlyForDeploymentPostprocessing = 0;
		};
		A95676D8296C28950079B2DE /* Sources */ = {
			isa = PBXSourcesBuildPhase;
			buildActionMask = 2147483647;
			files = (
				A95676E1296C28950079B2DE /* PazaramaCaseTests.swift in Sources */,
			);
			runOnlyForDeploymentPostprocessing = 0;
		};
		A95676E2296C28950079B2DE /* Sources */ = {
			isa = PBXSourcesBuildPhase;
			buildActionMask = 2147483647;
			files = (
				A95676EB296C28950079B2DE /* PazaramaCaseUITests.swift in Sources */,
				A95676ED296C28950079B2DE /* PazaramaCaseUITestsLaunchTests.swift in Sources */,
			);
			runOnlyForDeploymentPostprocessing = 0;
		};
/* End PBXSourcesBuildPhase section */

/* Begin PBXTargetDependency section */
		A95676DE296C28950079B2DE /* PBXTargetDependency */ = {
			isa = PBXTargetDependency;
			target = A95676C5296C28930079B2DE /* PazaramaCase */;
			targetProxy = A95676DD296C28950079B2DE /* PBXContainerItemProxy */;
		};
		A95676E8296C28950079B2DE /* PBXTargetDependency */ = {
			isa = PBXTargetDependency;
			target = A95676C5296C28930079B2DE /* PazaramaCase */;
			targetProxy = A95676E7296C28950079B2DE /* PBXContainerItemProxy */;
		};
/* End PBXTargetDependency section */

/* Begin PBXVariantGroup section */
		A95676D4296C28940079B2DE /* LaunchScreen.storyboard */ = {
			isa = PBXVariantGroup;
			children = (
				A95676D5296C28940079B2DE /* Base */,
			);
			name = LaunchScreen.storyboard;
			sourceTree = "<group>";
		};
/* End PBXVariantGroup section */

/* Begin XCBuildConfiguration section */
		A95676EE296C28950079B2DE /* Debug */ = {
			isa = XCBuildConfiguration;
			buildSettings = {
				ALWAYS_SEARCH_USER_PATHS = NO;
				CLANG_ANALYZER_NONNULL = YES;
				CLANG_ANALYZER_NUMBER_OBJECT_CONVERSION = YES_AGGRESSIVE;
				CLANG_CXX_LANGUAGE_STANDARD = "gnu++20";
				CLANG_ENABLE_MODULES = YES;
				CLANG_ENABLE_OBJC_ARC = YES;
				CLANG_ENABLE_OBJC_WEAK = YES;
				CLANG_WARN_BLOCK_CAPTURE_AUTORELEASING = YES;
				CLANG_WARN_BOOL_CONVERSION = YES;
				CLANG_WARN_COMMA = YES;
				CLANG_WARN_CONSTANT_CONVERSION = YES;
				CLANG_WARN_DEPRECATED_OBJC_IMPLEMENTATIONS = YES;
				CLANG_WARN_DIRECT_OBJC_ISA_USAGE = YES_ERROR;
				CLANG_WARN_DOCUMENTATION_COMMENTS = YES;
				CLANG_WARN_EMPTY_BODY = YES;
				CLANG_WARN_ENUM_CONVERSION = YES;
				CLANG_WARN_INFINITE_RECURSION = YES;
				CLANG_WARN_INT_CONVERSION = YES;
				CLANG_WARN_NON_LITERAL_NULL_CONVERSION = YES;
				CLANG_WARN_OBJC_IMPLICIT_RETAIN_SELF = YES;
				CLANG_WARN_OBJC_LITERAL_CONVERSION = YES;
				CLANG_WARN_OBJC_ROOT_CLASS = YES_ERROR;
				CLANG_WARN_QUOTED_INCLUDE_IN_FRAMEWORK_HEADER = YES;
				CLANG_WARN_RANGE_LOOP_ANALYSIS = YES;
				CLANG_WARN_STRICT_PROTOTYPES = YES;
				CLANG_WARN_SUSPICIOUS_MOVE = YES;
				CLANG_WARN_UNGUARDED_AVAILABILITY = YES_AGGRESSIVE;
				CLANG_WARN_UNREACHABLE_CODE = YES;
				CLANG_WARN__DUPLICATE_METHOD_MATCH = YES;
				COPY_PHASE_STRIP = NO;
				DEBUG_INFORMATION_FORMAT = dwarf;
				ENABLE_STRICT_OBJC_MSGSEND = YES;
				ENABLE_TESTABILITY = YES;
				GCC_C_LANGUAGE_STANDARD = gnu11;
				GCC_DYNAMIC_NO_PIC = NO;
				GCC_NO_COMMON_BLOCKS = YES;
				GCC_OPTIMIZATION_LEVEL = 0;
				GCC_PREPROCESSOR_DEFINITIONS = (
					"DEBUG=1",
					"$(inherited)",
				);
				GCC_WARN_64_TO_32_BIT_CONVERSION = YES;
				GCC_WARN_ABOUT_RETURN_TYPE = YES_ERROR;
				GCC_WARN_UNDECLARED_SELECTOR = YES;
				GCC_WARN_UNINITIALIZED_AUTOS = YES_AGGRESSIVE;
				GCC_WARN_UNUSED_FUNCTION = YES;
				GCC_WARN_UNUSED_VARIABLE = YES;
				IPHONEOS_DEPLOYMENT_TARGET = 16.2;
				MTL_ENABLE_DEBUG_INFO = INCLUDE_SOURCE;
				MTL_FAST_MATH = YES;
				ONLY_ACTIVE_ARCH = YES;
				SDKROOT = iphoneos;
				SWIFT_ACTIVE_COMPILATION_CONDITIONS = DEBUG;
				SWIFT_OPTIMIZATION_LEVEL = "-Onone";
			};
			name = Debug;
		};
		A95676EF296C28950079B2DE /* Release */ = {
			isa = XCBuildConfiguration;
			buildSettings = {
				ALWAYS_SEARCH_USER_PATHS = NO;
				CLANG_ANALYZER_NONNULL = YES;
				CLANG_ANALYZER_NUMBER_OBJECT_CONVERSION = YES_AGGRESSIVE;
				CLANG_CXX_LANGUAGE_STANDARD = "gnu++20";
				CLANG_ENABLE_MODULES = YES;
				CLANG_ENABLE_OBJC_ARC = YES;
				CLANG_ENABLE_OBJC_WEAK = YES;
				CLANG_WARN_BLOCK_CAPTURE_AUTORELEASING = YES;
				CLANG_WARN_BOOL_CONVERSION = YES;
				CLANG_WARN_COMMA = YES;
				CLANG_WARN_CONSTANT_CONVERSION = YES;
				CLANG_WARN_DEPRECATED_OBJC_IMPLEMENTATIONS = YES;
				CLANG_WARN_DIRECT_OBJC_ISA_USAGE = YES_ERROR;
				CLANG_WARN_DOCUMENTATION_COMMENTS = YES;
				CLANG_WARN_EMPTY_BODY = YES;
				CLANG_WARN_ENUM_CONVERSION = YES;
				CLANG_WARN_INFINITE_RECURSION = YES;
				CLANG_WARN_INT_CONVERSION = YES;
				CLANG_WARN_NON_LITERAL_NULL_CONVERSION = YES;
				CLANG_WARN_OBJC_IMPLICIT_RETAIN_SELF = YES;
				CLANG_WARN_OBJC_LITERAL_CONVERSION = YES;
				CLANG_WARN_OBJC_ROOT_CLASS = YES_ERROR;
				CLANG_WARN_QUOTED_INCLUDE_IN_FRAMEWORK_HEADER = YES;
				CLANG_WARN_RANGE_LOOP_ANALYSIS = YES;
				CLANG_WARN_STRICT_PROTOTYPES = YES;
				CLANG_WARN_SUSPICIOUS_MOVE = YES;
				CLANG_WARN_UNGUARDED_AVAILABILITY = YES_AGGRESSIVE;
				CLANG_WARN_UNREACHABLE_CODE = YES;
				CLANG_WARN__DUPLICATE_METHOD_MATCH = YES;
				COPY_PHASE_STRIP = NO;
				DEBUG_INFORMATION_FORMAT = "dwarf-with-dsym";
				ENABLE_NS_ASSERTIONS = NO;
				ENABLE_STRICT_OBJC_MSGSEND = YES;
				GCC_C_LANGUAGE_STANDARD = gnu11;
				GCC_NO_COMMON_BLOCKS = YES;
				GCC_WARN_64_TO_32_BIT_CONVERSION = YES;
				GCC_WARN_ABOUT_RETURN_TYPE = YES_ERROR;
				GCC_WARN_UNDECLARED_SELECTOR = YES;
				GCC_WARN_UNINITIALIZED_AUTOS = YES_AGGRESSIVE;
				GCC_WARN_UNUSED_FUNCTION = YES;
				GCC_WARN_UNUSED_VARIABLE = YES;
				IPHONEOS_DEPLOYMENT_TARGET = 16.2;
				MTL_ENABLE_DEBUG_INFO = NO;
				MTL_FAST_MATH = YES;
				SDKROOT = iphoneos;
				SWIFT_COMPILATION_MODE = wholemodule;
				SWIFT_OPTIMIZATION_LEVEL = "-O";
				VALIDATE_PRODUCT = YES;
			};
			name = Release;
		};
		A95676F1296C28950079B2DE /* Debug */ = {
			isa = XCBuildConfiguration;
			baseConfigurationReference = A9446F8F57E9655682CA21CF /* Pods-PazaramaCase.debug.xcconfig */;
			buildSettings = {
				ASSETCATALOG_COMPILER_APPICON_NAME = AppIcon;
				ASSETCATALOG_COMPILER_GLOBAL_ACCENT_COLOR_NAME = AccentColor;
				CODE_SIGN_STYLE = Automatic;
				CURRENT_PROJECT_VERSION = 1;
				DEVELOPMENT_TEAM = 2F5H7LLA5P;
				GENERATE_INFOPLIST_FILE = YES;
				INFOPLIST_FILE = PazaramaCase/Info.plist;
				INFOPLIST_KEY_UIApplicationSupportsIndirectInputEvents = YES;
				INFOPLIST_KEY_UILaunchStoryboardName = LaunchScreen;
				INFOPLIST_KEY_UISupportedInterfaceOrientations_iPad = "UIInterfaceOrientationPortrait UIInterfaceOrientationPortraitUpsideDown UIInterfaceOrientationLandscapeLeft UIInterfaceOrientationLandscapeRight";
				INFOPLIST_KEY_UISupportedInterfaceOrientations_iPhone = "UIInterfaceOrientationPortrait UIInterfaceOrientationLandscapeLeft UIInterfaceOrientationLandscapeRight";
				LD_RUNPATH_SEARCH_PATHS = (
					"$(inherited)",
					"@executable_path/Frameworks",
				);
				MARKETING_VERSION = 1.0;
				PRODUCT_BUNDLE_IDENTIFIER = com.hasan.PazaramaCase;
				PRODUCT_NAME = "$(TARGET_NAME)";
				SWIFT_EMIT_LOC_STRINGS = YES;
				SWIFT_VERSION = 5.0;
				TARGETED_DEVICE_FAMILY = "1,2";
			};
			name = Debug;
		};
		A95676F2296C28950079B2DE /* Release */ = {
			isa = XCBuildConfiguration;
			baseConfigurationReference = 6743FFED10163FA8033CA522 /* Pods-PazaramaCase.release.xcconfig */;
			buildSettings = {
				ASSETCATALOG_COMPILER_APPICON_NAME = AppIcon;
				ASSETCATALOG_COMPILER_GLOBAL_ACCENT_COLOR_NAME = AccentColor;
				CODE_SIGN_STYLE = Automatic;
				CURRENT_PROJECT_VERSION = 1;
				DEVELOPMENT_TEAM = 2F5H7LLA5P;
				GENERATE_INFOPLIST_FILE = YES;
				INFOPLIST_FILE = PazaramaCase/Info.plist;
				INFOPLIST_KEY_UIApplicationSupportsIndirectInputEvents = YES;
				INFOPLIST_KEY_UILaunchStoryboardName = LaunchScreen;
				INFOPLIST_KEY_UISupportedInterfaceOrientations_iPad = "UIInterfaceOrientationPortrait UIInterfaceOrientationPortraitUpsideDown UIInterfaceOrientationLandscapeLeft UIInterfaceOrientationLandscapeRight";
				INFOPLIST_KEY_UISupportedInterfaceOrientations_iPhone = "UIInterfaceOrientationPortrait UIInterfaceOrientationLandscapeLeft UIInterfaceOrientationLandscapeRight";
				LD_RUNPATH_SEARCH_PATHS = (
					"$(inherited)",
					"@executable_path/Frameworks",
				);
				MARKETING_VERSION = 1.0;
				PRODUCT_BUNDLE_IDENTIFIER = com.hasan.PazaramaCase;
				PRODUCT_NAME = "$(TARGET_NAME)";
				SWIFT_EMIT_LOC_STRINGS = YES;
				SWIFT_VERSION = 5.0;
				TARGETED_DEVICE_FAMILY = "1,2";
			};
			name = Release;
		};
		A95676F4296C28950079B2DE /* Debug */ = {
			isa = XCBuildConfiguration;
			baseConfigurationReference = 1F3E274E49F4FE7F6AF466E2 /* Pods-PazaramaCaseTests.debug.xcconfig */;
			buildSettings = {
				ALWAYS_EMBED_SWIFT_STANDARD_LIBRARIES = YES;
				BUNDLE_LOADER = "$(TEST_HOST)";
				CODE_SIGN_STYLE = Automatic;
				CURRENT_PROJECT_VERSION = 1;
				DEVELOPMENT_TEAM = 2F5H7LLA5P;
				GENERATE_INFOPLIST_FILE = YES;
				IPHONEOS_DEPLOYMENT_TARGET = 16.2;
				MARKETING_VERSION = 1.0;
				PRODUCT_BUNDLE_IDENTIFIER = com.hasan.PazaramaCaseTests;
				PRODUCT_NAME = "$(TARGET_NAME)";
				SWIFT_EMIT_LOC_STRINGS = NO;
				SWIFT_VERSION = 5.0;
				TARGETED_DEVICE_FAMILY = "1,2";
				TEST_HOST = "$(BUILT_PRODUCTS_DIR)/PazaramaCase.app/$(BUNDLE_EXECUTABLE_FOLDER_PATH)/PazaramaCase";
			};
			name = Debug;
		};
		A95676F5296C28950079B2DE /* Release */ = {
			isa = XCBuildConfiguration;
			baseConfigurationReference = 1884A832D35606A45354B3CE /* Pods-PazaramaCaseTests.release.xcconfig */;
			buildSettings = {
				ALWAYS_EMBED_SWIFT_STANDARD_LIBRARIES = YES;
				BUNDLE_LOADER = "$(TEST_HOST)";
				CODE_SIGN_STYLE = Automatic;
				CURRENT_PROJECT_VERSION = 1;
				DEVELOPMENT_TEAM = 2F5H7LLA5P;
				GENERATE_INFOPLIST_FILE = YES;
				IPHONEOS_DEPLOYMENT_TARGET = 16.2;
				MARKETING_VERSION = 1.0;
				PRODUCT_BUNDLE_IDENTIFIER = com.hasan.PazaramaCaseTests;
				PRODUCT_NAME = "$(TARGET_NAME)";
				SWIFT_EMIT_LOC_STRINGS = NO;
				SWIFT_VERSION = 5.0;
				TARGETED_DEVICE_FAMILY = "1,2";
				TEST_HOST = "$(BUILT_PRODUCTS_DIR)/PazaramaCase.app/$(BUNDLE_EXECUTABLE_FOLDER_PATH)/PazaramaCase";
			};
			name = Release;
		};
		A95676F7296C28950079B2DE /* Debug */ = {
			isa = XCBuildConfiguration;
			baseConfigurationReference = BCD8D4E288167094B5C5BBB0 /* Pods-PazaramaCase-PazaramaCaseUITests.debug.xcconfig */;
			buildSettings = {
				ALWAYS_EMBED_SWIFT_STANDARD_LIBRARIES = YES;
				CODE_SIGN_STYLE = Automatic;
				CURRENT_PROJECT_VERSION = 1;
				DEVELOPMENT_TEAM = 2F5H7LLA5P;
				GENERATE_INFOPLIST_FILE = YES;
				MARKETING_VERSION = 1.0;
				PRODUCT_BUNDLE_IDENTIFIER = com.hasan.PazaramaCaseUITests;
				PRODUCT_NAME = "$(TARGET_NAME)";
				SWIFT_EMIT_LOC_STRINGS = NO;
				SWIFT_VERSION = 5.0;
				TARGETED_DEVICE_FAMILY = "1,2";
				TEST_TARGET_NAME = PazaramaCase;
			};
			name = Debug;
		};
		A95676F8296C28950079B2DE /* Release */ = {
			isa = XCBuildConfiguration;
			baseConfigurationReference = C359BD5477DB79B728058A20 /* Pods-PazaramaCase-PazaramaCaseUITests.release.xcconfig */;
			buildSettings = {
				ALWAYS_EMBED_SWIFT_STANDARD_LIBRARIES = YES;
				CODE_SIGN_STYLE = Automatic;
				CURRENT_PROJECT_VERSION = 1;
				DEVELOPMENT_TEAM = 2F5H7LLA5P;
				GENERATE_INFOPLIST_FILE = YES;
				MARKETING_VERSION = 1.0;
				PRODUCT_BUNDLE_IDENTIFIER = com.hasan.PazaramaCaseUITests;
				PRODUCT_NAME = "$(TARGET_NAME)";
				SWIFT_EMIT_LOC_STRINGS = NO;
				SWIFT_VERSION = 5.0;
				TARGETED_DEVICE_FAMILY = "1,2";
				TEST_TARGET_NAME = PazaramaCase;
			};
			name = Release;
		};
/* End XCBuildConfiguration section */

/* Begin XCConfigurationList section */
		A95676C1296C28930079B2DE /* Build configuration list for PBXProject "PazaramaCase" */ = {
			isa = XCConfigurationList;
			buildConfigurations = (
				A95676EE296C28950079B2DE /* Debug */,
				A95676EF296C28950079B2DE /* Release */,
			);
			defaultConfigurationIsVisible = 0;
			defaultConfigurationName = Release;
		};
		A95676F0296C28950079B2DE /* Build configuration list for PBXNativeTarget "PazaramaCase" */ = {
			isa = XCConfigurationList;
			buildConfigurations = (
				A95676F1296C28950079B2DE /* Debug */,
				A95676F2296C28950079B2DE /* Release */,
			);
			defaultConfigurationIsVisible = 0;
			defaultConfigurationName = Release;
		};
		A95676F3296C28950079B2DE /* Build configuration list for PBXNativeTarget "PazaramaCaseTests" */ = {
			isa = XCConfigurationList;
			buildConfigurations = (
				A95676F4296C28950079B2DE /* Debug */,
				A95676F5296C28950079B2DE /* Release */,
			);
			defaultConfigurationIsVisible = 0;
			defaultConfigurationName = Release;
		};
		A95676F6296C28950079B2DE /* Build configuration list for PBXNativeTarget "PazaramaCaseUITests" */ = {
			isa = XCConfigurationList;
			buildConfigurations = (
				A95676F7296C28950079B2DE /* Debug */,
				A95676F8296C28950079B2DE /* Release */,
			);
			defaultConfigurationIsVisible = 0;
			defaultConfigurationName = Release;
		};
/* End XCConfigurationList section */
	};
	rootObject = A95676BE296C28930079B2DE /* Project object */;
}
